Microsoft Visual Studio Solution File, Format Version 12.00
# Visual Studio 2012
Project("{FAE04EC0-301F-11D3-BF4B-00C04F79EFBC}") = "OnlyWarGodot", "OnlyWarGodot.csproj", "{DDBB2F8D-EEBE-4B0B-8B77-59D9296CABF8}"
EndProject
Global
	GlobalSection(SolutionConfigurationPlatforms) = preSolution
	Debug|Any CPU = Debug|Any CPU
	ExportDebug|Any CPU = ExportDebug|Any CPU
	ExportRelease|Any CPU = ExportRelease|Any CPU
	EndGlobalSection
	GlobalSection(ProjectConfigurationPlatforms) = postSolution
		{DDBB2F8D-EEBE-4B0B-8B77-59D9296CABF8}.Debug|Any CPU.ActiveCfg = Debug|Any CPU
		{DDBB2F8D-EEBE-4B0B-8B77-59D9296CABF8}.Debug|Any CPU.Build.0 = Debug|Any CPU
		{DDBB2F8D-EEBE-4B0B-8B77-59D9296CABF8}.ExportDebug|Any CPU.ActiveCfg = ExportDebug|Any CPU
		{DDBB2F8D-EEBE-4B0B-8B77-59D9296CABF8}.ExportDebug|Any CPU.Build.0 = ExportDebug|Any CPU
		{DDBB2F8D-EEBE-4B0B-8B77-59D9296CABF8}.ExportRelease|Any CPU.ActiveCfg = ExportRelease|Any CPU
		{DDBB2F8D-EEBE-4B0B-8B77-59D9296CABF8}.ExportRelease|Any CPU.Build.0 = ExportRelease|Any CPU
	EndGlobalSection
EndGlobal
