
Microsoft Visual Studio Solution File, Format Version 12.00
# Visual Studio 2012
Project("{FAE04EC0-301F-11D3-BF4B-00C04F79EFBC}") = "OnlyWarGodot", "OnlyWarGodot.csproj", "{DDBB2F8D-EEBE-4B0B-8B77-59D9296CABF8}"
EndProject
Project("{FAE04EC0-301F-11D3-BF4B-00C04F79EFBC}") = "OnlyWar.Tests", "OnlyWar.Tests\OnlyWar.Tests.csproj", "{C5F1EC93-1E70-4238-9E9C-D7B7A7222C9A}"
EndProject
Project("{2150E333-8FDC-42A3-9474-1A3956D46DE8}") = "Modules", "Modules", "{CA253913-39DE-BFD0-C9A3-4B7EC6FBDF17}"
EndProject
Project("{FAE04EC0-301F-11D3-BF4B-00C04F79EFBC}") = "OnlyWar.Domain", "Modules\OnlyWar.Domain\OnlyWar.Domain.csproj", "{FDD31F28-6311-4701-8B47-6776C8A9ED33}"
EndProject
Project("{FAE04EC0-301F-11D3-BF4B-00C04F79EFBC}") = "OnlyWar.Contracts", "Modules\OnlyWar.Contracts\OnlyWar.Contracts.csproj", "{B90A392E-EC3E-401A-A3F8-D0E2D19BB6B7}"
EndProject
Project("{FAE04EC0-301F-11D3-BF4B-00C04F79EFBC}") = "OnlyWar.HeadlessTests", "OnlyWar.HeadlessTests\OnlyWar.HeadlessTests.csproj", "{8AB616E4-BB3E-4FE5-B3A2-2071D72B29B8}"
EndProject
Project("{FAE04EC0-301F-11D3-BF4B-00C04F79EFBC}") = "OnlyWar.Medical", "Modules\OnlyWar.Medical\OnlyWar.Medical.csproj", "{A01F4AA1-2B4D-4DF1-8A38-4E1F9B244101}"
EndProject
Project("{FAE04EC0-301F-11D3-BF4B-00C04F79EFBC}") = "OnlyWar.Persistence", "Modules\OnlyWar.Persistence\OnlyWar.Persistence.csproj", "{B02F5BB2-3C5E-4E02-9B49-5F20AC355212}"
EndProject
Project("{FAE04EC0-301F-11D3-BF4B-00C04F79EFBC}") = "OnlyWar.Runtime", "Modules\OnlyWar.Runtime\OnlyWar.Runtime.csproj", "{C03A6CC3-4D6F-4F13-AA5A-6031BD466323}"
EndProject
Project("{FAE04EC0-301F-11D3-BF4B-00C04F79EFBC}") = "OnlyWar.Battles", "Modules\OnlyWar.Battles\OnlyWar.Battles.csproj", "{8ABC634D-A0C5-455E-AF2E-00ECEC1D7E92}"
EndProject
Project("{FAE04EC0-301F-11D3-BF4B-00C04F79EFBC}") = "OnlyWar.Generation", "Modules\OnlyWar.Generation\OnlyWar.Generation.csproj", "{1504F58A-6FF3-4D6C-BE3F-A163FE82E1A2}"
EndProject
Project("{FAE04EC0-301F-11D3-BF4B-00C04F79EFBC}") = "OnlyWar.Operations", "Modules\OnlyWar.Operations\OnlyWar.Operations.csproj", "{4B834E37-3515-46F1-AEE3-3740D7B32B51}"
EndProject
Project("{FAE04EC0-301F-11D3-BF4B-00C04F79EFBC}") = "OnlyWar.Campaign", "Modules\OnlyWar.Campaign\OnlyWar.Campaign.csproj", "{DAE24767-AA15-47FF-8D0B-20DDF749B3E1}"
EndProject
Project("{FAE04EC0-301F-11D3-BF4B-00C04F79EFBC}") = "OnlyWar.Application", "Modules\OnlyWar.Application\OnlyWar.Application.csproj", "{98A8F657-DF9A-4902-997A-88FA38427318}"
EndProject
Global
	GlobalSection(SolutionConfigurationPlatforms) = preSolution
		Debug|Any CPU = Debug|Any CPU
		Debug|x64 = Debug|x64
		Debug|x86 = Debug|x86
		ExportDebug|Any CPU = ExportDebug|Any CPU
		ExportDebug|x64 = ExportDebug|x64
		ExportDebug|x86 = ExportDebug|x86
		ExportRelease|Any CPU = ExportRelease|Any CPU
		ExportRelease|x64 = ExportRelease|x64
		ExportRelease|x86 = ExportRelease|x86
		Release|Any CPU = Release|Any CPU
		Release|x64 = Release|x64
		Release|x86 = Release|x86
	EndGlobalSection
	GlobalSection(ProjectConfigurationPlatforms) = postSolution
		{DDBB2F8D-EEBE-4B0B-8B77-59D9296CABF8}.Debug|Any CPU.ActiveCfg = Debug|Any CPU
		{DDBB2F8D-EEBE-4B0B-8B77-59D9296CABF8}.Debug|Any CPU.Build.0 = Debug|Any CPU
		{DDBB2F8D-EEBE-4B0B-8B77-59D9296CABF8}.Debug|x64.ActiveCfg = Debug|Any CPU
		{DDBB2F8D-EEBE-4B0B-8B77-59D9296CABF8}.Debug|x64.Build.0 = Debug|Any CPU
		{DDBB2F8D-EEBE-4B0B-8B77-59D9296CABF8}.Debug|x86.ActiveCfg = Debug|Any CPU
		{DDBB2F8D-EEBE-4B0B-8B77-59D9296CABF8}.Debug|x86.Build.0 = Debug|Any CPU
		{DDBB2F8D-EEBE-4B0B-8B77-59D9296CABF8}.ExportDebug|Any CPU.ActiveCfg = ExportDebug|Any CPU
		{DDBB2F8D-EEBE-4B0B-8B77-59D9296CABF8}.ExportDebug|Any CPU.Build.0 = ExportDebug|Any CPU
		{DDBB2F8D-EEBE-4B0B-8B77-59D9296CABF8}.ExportDebug|x64.ActiveCfg = ExportDebug|Any CPU
		{DDBB2F8D-EEBE-4B0B-8B77-59D9296CABF8}.ExportDebug|x64.Build.0 = ExportDebug|Any CPU
		{DDBB2F8D-EEBE-4B0B-8B77-59D9296CABF8}.ExportDebug|x86.ActiveCfg = ExportDebug|Any CPU
		{DDBB2F8D-EEBE-4B0B-8B77-59D9296CABF8}.ExportDebug|x86.Build.0 = ExportDebug|Any CPU
		{DDBB2F8D-EEBE-4B0B-8B77-59D9296CABF8}.ExportRelease|Any CPU.ActiveCfg = ExportRelease|Any CPU
		{DDBB2F8D-EEBE-4B0B-8B77-59D9296CABF8}.ExportRelease|Any CPU.Build.0 = ExportRelease|Any CPU
		{DDBB2F8D-EEBE-4B0B-8B77-59D9296CABF8}.ExportRelease|x64.ActiveCfg = ExportRelease|Any CPU
		{DDBB2F8D-EEBE-4B0B-8B77-59D9296CABF8}.ExportRelease|x64.Build.0 = ExportRelease|Any CPU
		{DDBB2F8D-EEBE-4B0B-8B77-59D9296CABF8}.ExportRelease|x86.ActiveCfg = ExportRelease|Any CPU
		{DDBB2F8D-EEBE-4B0B-8B77-59D9296CABF8}.ExportRelease|x86.Build.0 = ExportRelease|Any CPU
		{DDBB2F8D-EEBE-4B0B-8B77-59D9296CABF8}.Release|Any CPU.ActiveCfg = Release|Any CPU
		{DDBB2F8D-EEBE-4B0B-8B77-59D9296CABF8}.Release|Any CPU.Build.0 = Release|Any CPU
		{DDBB2F8D-EEBE-4B0B-8B77-59D9296CABF8}.Release|x64.ActiveCfg = Release|Any CPU
		{DDBB2F8D-EEBE-4B0B-8B77-59D9296CABF8}.Release|x64.Build.0 = Release|Any CPU
		{DDBB2F8D-EEBE-4B0B-8B77-59D9296CABF8}.Release|x86.ActiveCfg = Release|Any CPU
		{DDBB2F8D-EEBE-4B0B-8B77-59D9296CABF8}.Release|x86.Build.0 = Release|Any CPU
		{C5F1EC93-1E70-4238-9E9C-D7B7A7222C9A}.Debug|Any CPU.ActiveCfg = Debug|Any CPU
		{C5F1EC93-1E70-4238-9E9C-D7B7A7222C9A}.Debug|Any CPU.Build.0 = Debug|Any CPU
		{C5F1EC93-1E70-4238-9E9C-D7B7A7222C9A}.Debug|x64.ActiveCfg = Debug|Any CPU
		{C5F1EC93-1E70-4238-9E9C-D7B7A7222C9A}.Debug|x64.Build.0 = Debug|Any CPU
		{C5F1EC93-1E70-4238-9E9C-D7B7A7222C9A}.Debug|x86.ActiveCfg = Debug|Any CPU
		{C5F1EC93-1E70-4238-9E9C-D7B7A7222C9A}.Debug|x86.Build.0 = Debug|Any CPU
		{C5F1EC93-1E70-4238-9E9C-D7B7A7222C9A}.ExportDebug|Any CPU.ActiveCfg = Debug|Any CPU
		{C5F1EC93-1E70-4238-9E9C-D7B7A7222C9A}.ExportDebug|Any CPU.Build.0 = Debug|Any CPU
		{C5F1EC93-1E70-4238-9E9C-D7B7A7222C9A}.ExportDebug|x64.ActiveCfg = ExportDebug|Any CPU
		{C5F1EC93-1E70-4238-9E9C-D7B7A7222C9A}.ExportDebug|x64.Build.0 = ExportDebug|Any CPU
		{C5F1EC93-1E70-4238-9E9C-D7B7A7222C9A}.ExportDebug|x86.ActiveCfg = ExportDebug|Any CPU
		{C5F1EC93-1E70-4238-9E9C-D7B7A7222C9A}.ExportDebug|x86.Build.0 = ExportDebug|Any CPU
		{C5F1EC93-1E70-4238-9E9C-D7B7A7222C9A}.ExportRelease|Any CPU.ActiveCfg = Release|Any CPU
		{C5F1EC93-1E70-4238-9E9C-D7B7A7222C9A}.ExportRelease|Any CPU.Build.0 = Release|Any CPU
		{C5F1EC93-1E70-4238-9E9C-D7B7A7222C9A}.ExportRelease|x64.ActiveCfg = ExportRelease|Any CPU
		{C5F1EC93-1E70-4238-9E9C-D7B7A7222C9A}.ExportRelease|x64.Build.0 = ExportRelease|Any CPU
		{C5F1EC93-1E70-4238-9E9C-D7B7A7222C9A}.ExportRelease|x86.ActiveCfg = ExportRelease|Any CPU
		{C5F1EC93-1E70-4238-9E9C-D7B7A7222C9A}.ExportRelease|x86.Build.0 = ExportRelease|Any CPU
		{C5F1EC93-1E70-4238-9E9C-D7B7A7222C9A}.Release|Any CPU.ActiveCfg = Release|Any CPU
		{C5F1EC93-1E70-4238-9E9C-D7B7A7222C9A}.Release|Any CPU.Build.0 = Release|Any CPU
		{C5F1EC93-1E70-4238-9E9C-D7B7A7222C9A}.Release|x64.ActiveCfg = Release|Any CPU
		{C5F1EC93-1E70-4238-9E9C-D7B7A7222C9A}.Release|x64.Build.0 = Release|Any CPU
		{C5F1EC93-1E70-4238-9E9C-D7B7A7222C9A}.Release|x86.ActiveCfg = Release|Any CPU
		{C5F1EC93-1E70-4238-9E9C-D7B7A7222C9A}.Release|x86.Build.0 = Release|Any CPU
		{FDD31F28-6311-4701-8B47-6776C8A9ED33}.Debug|Any CPU.ActiveCfg = Debug|Any CPU
		{FDD31F28-6311-4701-8B47-6776C8A9ED33}.Debug|Any CPU.Build.0 = Debug|Any CPU
		{FDD31F28-6311-4701-8B47-6776C8A9ED33}.Debug|x64.ActiveCfg = Debug|Any CPU
		{FDD31F28-6311-4701-8B47-6776C8A9ED33}.Debug|x64.Build.0 = Debug|Any CPU
		{FDD31F28-6311-4701-8B47-6776C8A9ED33}.Debug|x86.ActiveCfg = Debug|Any CPU
		{FDD31F28-6311-4701-8B47-6776C8A9ED33}.Debug|x86.Build.0 = Debug|Any CPU
		{FDD31F28-6311-4701-8B47-6776C8A9ED33}.ExportDebug|Any CPU.ActiveCfg = Debug|Any CPU
		{FDD31F28-6311-4701-8B47-6776C8A9ED33}.ExportDebug|Any CPU.Build.0 = Debug|Any CPU
		{FDD31F28-6311-4701-8B47-6776C8A9ED33}.ExportDebug|x64.ActiveCfg = Debug|Any CPU
		{FDD31F28-6311-4701-8B47-6776C8A9ED33}.ExportDebug|x64.Build.0 = Debug|Any CPU
		{FDD31F28-6311-4701-8B47-6776C8A9ED33}.ExportDebug|x86.ActiveCfg = Debug|Any CPU
		{FDD31F28-6311-4701-8B47-6776C8A9ED33}.ExportDebug|x86.Build.0 = Debug|Any CPU
		{FDD31F28-6311-4701-8B47-6776C8A9ED33}.ExportRelease|Any CPU.ActiveCfg = Debug|Any CPU
		{FDD31F28-6311-4701-8B47-6776C8A9ED33}.ExportRelease|Any CPU.Build.0 = Debug|Any CPU
		{FDD31F28-6311-4701-8B47-6776C8A9ED33}.ExportRelease|x64.ActiveCfg = Debug|Any CPU
		{FDD31F28-6311-4701-8B47-6776C8A9ED33}.ExportRelease|x64.Build.0 = Debug|Any CPU
		{FDD31F28-6311-4701-8B47-6776C8A9ED33}.ExportRelease|x86.ActiveCfg = Debug|Any CPU
		{FDD31F28-6311-4701-8B47-6776C8A9ED33}.ExportRelease|x86.Build.0 = Debug|Any CPU
		{FDD31F28-6311-4701-8B47-6776C8A9ED33}.Release|Any CPU.ActiveCfg = Release|Any CPU
		{FDD31F28-6311-4701-8B47-6776C8A9ED33}.Release|Any CPU.Build.0 = Release|Any CPU
		{FDD31F28-6311-4701-8B47-6776C8A9ED33}.Release|x64.ActiveCfg = Release|Any CPU
		{FDD31F28-6311-4701-8B47-6776C8A9ED33}.Release|x64.Build.0 = Release|Any CPU
		{FDD31F28-6311-4701-8B47-6776C8A9ED33}.Release|x86.ActiveCfg = Release|Any CPU
		{FDD31F28-6311-4701-8B47-6776C8A9ED33}.Release|x86.Build.0 = Release|Any CPU
		{B90A392E-EC3E-401A-A3F8-D0E2D19BB6B7}.Debug|Any CPU.ActiveCfg = Debug|Any CPU
		{B90A392E-EC3E-401A-A3F8-D0E2D19BB6B7}.Debug|Any CPU.Build.0 = Debug|Any CPU
		{B90A392E-EC3E-401A-A3F8-D0E2D19BB6B7}.Debug|x64.ActiveCfg = Debug|Any CPU
		{B90A392E-EC3E-401A-A3F8-D0E2D19BB6B7}.Debug|x64.Build.0 = Debug|Any CPU
		{B90A392E-EC3E-401A-A3F8-D0E2D19BB6B7}.Debug|x86.ActiveCfg = Debug|Any CPU
		{B90A392E-EC3E-401A-A3F8-D0E2D19BB6B7}.Debug|x86.Build.0 = Debug|Any CPU
		{B90A392E-EC3E-401A-A3F8-D0E2D19BB6B7}.ExportDebug|Any CPU.ActiveCfg = Debug|Any CPU
		{B90A392E-EC3E-401A-A3F8-D0E2D19BB6B7}.ExportDebug|Any CPU.Build.0 = Debug|Any CPU
		{B90A392E-EC3E-401A-A3F8-D0E2D19BB6B7}.ExportDebug|x64.ActiveCfg = Debug|Any CPU
		{B90A392E-EC3E-401A-A3F8-D0E2D19BB6B7}.ExportDebug|x64.Build.0 = Debug|Any CPU
		{B90A392E-EC3E-401A-A3F8-D0E2D19BB6B7}.ExportDebug|x86.ActiveCfg = Debug|Any CPU
		{B90A392E-EC3E-401A-A3F8-D0E2D19BB6B7}.ExportDebug|x86.Build.0 = Debug|Any CPU
		{B90A392E-EC3E-401A-A3F8-D0E2D19BB6B7}.ExportRelease|Any CPU.ActiveCfg = Debug|Any CPU
		{B90A392E-EC3E-401A-A3F8-D0E2D19BB6B7}.ExportRelease|Any CPU.Build.0 = Debug|Any CPU
		{B90A392E-EC3E-401A-A3F8-D0E2D19BB6B7}.ExportRelease|x64.ActiveCfg = Debug|Any CPU
		{B90A392E-EC3E-401A-A3F8-D0E2D19BB6B7}.ExportRelease|x64.Build.0 = Debug|Any CPU
		{B90A392E-EC3E-401A-A3F8-D0E2D19BB6B7}.ExportRelease|x86.ActiveCfg = Debug|Any CPU
		{B90A392E-EC3E-401A-A3F8-D0E2D19BB6B7}.ExportRelease|x86.Build.0 = Debug|Any CPU
		{B90A392E-EC3E-401A-A3F8-D0E2D19BB6B7}.Release|Any CPU.ActiveCfg = Release|Any CPU
		{B90A392E-EC3E-401A-A3F8-D0E2D19BB6B7}.Release|Any CPU.Build.0 = Release|Any CPU
		{B90A392E-EC3E-401A-A3F8-D0E2D19BB6B7}.Release|x64.ActiveCfg = Release|Any CPU
		{B90A392E-EC3E-401A-A3F8-D0E2D19BB6B7}.Release|x64.Build.0 = Release|Any CPU
		{B90A392E-EC3E-401A-A3F8-D0E2D19BB6B7}.Release|x86.ActiveCfg = Release|Any CPU
		{B90A392E-EC3E-401A-A3F8-D0E2D19BB6B7}.Release|x86.Build.0 = Release|Any CPU
		{8AB616E4-BB3E-4FE5-B3A2-2071D72B29B8}.Debug|Any CPU.ActiveCfg = Debug|Any CPU
		{8AB616E4-BB3E-4FE5-B3A2-2071D72B29B8}.Debug|Any CPU.Build.0 = Debug|Any CPU
		{8AB616E4-BB3E-4FE5-B3A2-2071D72B29B8}.Debug|x64.ActiveCfg = Debug|Any CPU
		{8AB616E4-BB3E-4FE5-B3A2-2071D72B29B8}.Debug|x64.Build.0 = Debug|Any CPU
		{8AB616E4-BB3E-4FE5-B3A2-2071D72B29B8}.Debug|x86.ActiveCfg = Debug|Any CPU
		{8AB616E4-BB3E-4FE5-B3A2-2071D72B29B8}.Debug|x86.Build.0 = Debug|Any CPU
		{8AB616E4-BB3E-4FE5-B3A2-2071D72B29B8}.ExportDebug|Any CPU.ActiveCfg = Debug|Any CPU
		{8AB616E4-BB3E-4FE5-B3A2-2071D72B29B8}.ExportDebug|Any CPU.Build.0 = Debug|Any CPU
		{8AB616E4-BB3E-4FE5-B3A2-2071D72B29B8}.ExportDebug|x64.ActiveCfg = Debug|Any CPU
		{8AB616E4-BB3E-4FE5-B3A2-2071D72B29B8}.ExportDebug|x64.Build.0 = Debug|Any CPU
		{8AB616E4-BB3E-4FE5-B3A2-2071D72B29B8}.ExportDebug|x86.ActiveCfg = Debug|Any CPU
		{8AB616E4-BB3E-4FE5-B3A2-2071D72B29B8}.ExportDebug|x86.Build.0 = Debug|Any CPU
		{8AB616E4-BB3E-4FE5-B3A2-2071D72B29B8}.ExportRelease|Any CPU.ActiveCfg = Debug|Any CPU
		{8AB616E4-BB3E-4FE5-B3A2-2071D72B29B8}.ExportRelease|Any CPU.Build.0 = Debug|Any CPU
		{8AB616E4-BB3E-4FE5-B3A2-2071D72B29B8}.ExportRelease|x64.ActiveCfg = Debug|Any CPU
		{8AB616E4-BB3E-4FE5-B3A2-2071D72B29B8}.ExportRelease|x64.Build.0 = Debug|Any CPU
		{8AB616E4-BB3E-4FE5-B3A2-2071D72B29B8}.ExportRelease|x86.ActiveCfg = Debug|Any CPU
		{8AB616E4-BB3E-4FE5-B3A2-2071D72B29B8}.ExportRelease|x86.Build.0 = Debug|Any CPU
		{8AB616E4-BB3E-4FE5-B3A2-2071D72B29B8}.Release|Any CPU.ActiveCfg = Release|Any CPU
		{8AB616E4-BB3E-4FE5-B3A2-2071D72B29B8}.Release|Any CPU.Build.0 = Release|Any CPU
		{8AB616E4-BB3E-4FE5-B3A2-2071D72B29B8}.Release|x64.ActiveCfg = Release|Any CPU
		{8AB616E4-BB3E-4FE5-B3A2-2071D72B29B8}.Release|x64.Build.0 = Release|Any CPU
		{8AB616E4-BB3E-4FE5-B3A2-2071D72B29B8}.Release|x86.ActiveCfg = Release|Any CPU
		{8AB616E4-BB3E-4FE5-B3A2-2071D72B29B8}.Release|x86.Build.0 = Release|Any CPU
		{A01F4AA1-2B4D-4DF1-8A38-4E1F9B244101}.Debug|Any CPU.ActiveCfg = Debug|Any CPU
		{A01F4AA1-2B4D-4DF1-8A38-4E1F9B244101}.Debug|Any CPU.Build.0 = Debug|Any CPU
		{A01F4AA1-2B4D-4DF1-8A38-4E1F9B244101}.Debug|x64.ActiveCfg = Debug|Any CPU
		{A01F4AA1-2B4D-4DF1-8A38-4E1F9B244101}.Debug|x64.Build.0 = Debug|Any CPU
		{A01F4AA1-2B4D-4DF1-8A38-4E1F9B244101}.Debug|x86.ActiveCfg = Debug|Any CPU
		{A01F4AA1-2B4D-4DF1-8A38-4E1F9B244101}.Debug|x86.Build.0 = Debug|Any CPU
		{A01F4AA1-2B4D-4DF1-8A38-4E1F9B244101}.ExportDebug|Any CPU.ActiveCfg = Debug|Any CPU
		{A01F4AA1-2B4D-4DF1-8A38-4E1F9B244101}.ExportDebug|Any CPU.Build.0 = Debug|Any CPU
		{A01F4AA1-2B4D-4DF1-8A38-4E1F9B244101}.ExportDebug|x64.ActiveCfg = Debug|Any CPU
		{A01F4AA1-2B4D-4DF1-8A38-4E1F9B244101}.ExportDebug|x64.Build.0 = Debug|Any CPU
		{A01F4AA1-2B4D-4DF1-8A38-4E1F9B244101}.ExportDebug|x86.ActiveCfg = Debug|Any CPU
		{A01F4AA1-2B4D-4DF1-8A38-4E1F9B244101}.ExportDebug|x86.Build.0 = Debug|Any CPU
		{A01F4AA1-2B4D-4DF1-8A38-4E1F9B244101}.ExportRelease|Any CPU.ActiveCfg = Debug|Any CPU
		{A01F4AA1-2B4D-4DF1-8A38-4E1F9B244101}.ExportRelease|Any CPU.Build.0 = Debug|Any CPU
		{A01F4AA1-2B4D-4DF1-8A38-4E1F9B244101}.ExportRelease|x64.ActiveCfg = Debug|Any CPU
		{A01F4AA1-2B4D-4DF1-8A38-4E1F9B244101}.ExportRelease|x64.Build.0 = Debug|Any CPU
		{A01F4AA1-2B4D-4DF1-8A38-4E1F9B244101}.ExportRelease|x86.ActiveCfg = Debug|Any CPU
		{A01F4AA1-2B4D-4DF1-8A38-4E1F9B244101}.ExportRelease|x86.Build.0 = Debug|Any CPU
		{A01F4AA1-2B4D-4DF1-8A38-4E1F9B244101}.Release|Any CPU.ActiveCfg = Release|Any CPU
		{A01F4AA1-2B4D-4DF1-8A38-4E1F9B244101}.Release|Any CPU.Build.0 = Release|Any CPU
		{A01F4AA1-2B4D-4DF1-8A38-4E1F9B244101}.Release|x64.ActiveCfg = Release|Any CPU
		{A01F4AA1-2B4D-4DF1-8A38-4E1F9B244101}.Release|x64.Build.0 = Release|Any CPU
		{A01F4AA1-2B4D-4DF1-8A38-4E1F9B244101}.Release|x86.ActiveCfg = Release|Any CPU
		{A01F4AA1-2B4D-4DF1-8A38-4E1F9B244101}.Release|x86.Build.0 = Release|Any CPU
		{B02F5BB2-3C5E-4E02-9B49-5F20AC355212}.Debug|Any CPU.ActiveCfg = Debug|Any CPU
		{B02F5BB2-3C5E-4E02-9B49-5F20AC355212}.Debug|Any CPU.Build.0 = Debug|Any CPU
		{B02F5BB2-3C5E-4E02-9B49-5F20AC355212}.Debug|x64.ActiveCfg = Debug|Any CPU
		{B02F5BB2-3C5E-4E02-9B49-5F20AC355212}.Debug|x64.Build.0 = Debug|Any CPU
		{B02F5BB2-3C5E-4E02-9B49-5F20AC355212}.Debug|x86.ActiveCfg = Debug|Any CPU
		{B02F5BB2-3C5E-4E02-9B49-5F20AC355212}.Debug|x86.Build.0 = Debug|Any CPU
		{B02F5BB2-3C5E-4E02-9B49-5F20AC355212}.ExportDebug|Any CPU.ActiveCfg = Debug|Any CPU
		{B02F5BB2-3C5E-4E02-9B49-5F20AC355212}.ExportDebug|Any CPU.Build.0 = Debug|Any CPU
		{B02F5BB2-3C5E-4E02-9B49-5F20AC355212}.ExportDebug|x64.ActiveCfg = Debug|Any CPU
		{B02F5BB2-3C5E-4E02-9B49-5F20AC355212}.ExportDebug|x64.Build.0 = Debug|Any CPU
		{B02F5BB2-3C5E-4E02-9B49-5F20AC355212}.ExportDebug|x86.ActiveCfg = Debug|Any CPU
		{B02F5BB2-3C5E-4E02-9B49-5F20AC355212}.ExportDebug|x86.Build.0 = Debug|Any CPU
		{B02F5BB2-3C5E-4E02-9B49-5F20AC355212}.ExportRelease|Any CPU.ActiveCfg = Debug|Any CPU
		{B02F5BB2-3C5E-4E02-9B49-5F20AC355212}.ExportRelease|Any CPU.Build.0 = Debug|Any CPU
		{B02F5BB2-3C5E-4E02-9B49-5F20AC355212}.ExportRelease|x64.ActiveCfg = Debug|Any CPU
		{B02F5BB2-3C5E-4E02-9B49-5F20AC355212}.ExportRelease|x64.Build.0 = Debug|Any CPU
		{B02F5BB2-3C5E-4E02-9B49-5F20AC355212}.ExportRelease|x86.ActiveCfg = Debug|Any CPU
		{B02F5BB2-3C5E-4E02-9B49-5F20AC355212}.ExportRelease|x86.Build.0 = Debug|Any CPU
		{B02F5BB2-3C5E-4E02-9B49-5F20AC355212}.Release|Any CPU.ActiveCfg = Release|Any CPU
		{B02F5BB2-3C5E-4E02-9B49-5F20AC355212}.Release|Any CPU.Build.0 = Release|Any CPU
		{B02F5BB2-3C5E-4E02-9B49-5F20AC355212}.Release|x64.ActiveCfg = Release|Any CPU
		{B02F5BB2-3C5E-4E02-9B49-5F20AC355212}.Release|x64.Build.0 = Release|Any CPU
		{B02F5BB2-3C5E-4E02-9B49-5F20AC355212}.Release|x86.ActiveCfg = Release|Any CPU
		{B02F5BB2-3C5E-4E02-9B49-5F20AC355212}.Release|x86.Build.0 = Release|Any CPU
		{C03A6CC3-4D6F-4F13-AA5A-6031BD466323}.Debug|Any CPU.ActiveCfg = Debug|Any CPU
		{C03A6CC3-4D6F-4F13-AA5A-6031BD466323}.Debug|Any CPU.Build.0 = Debug|Any CPU
		{C03A6CC3-4D6F-4F13-AA5A-6031BD466323}.Debug|x64.ActiveCfg = Debug|Any CPU
		{C03A6CC3-4D6F-4F13-AA5A-6031BD466323}.Debug|x64.Build.0 = Debug|Any CPU
		{C03A6CC3-4D6F-4F13-AA5A-6031BD466323}.Debug|x86.ActiveCfg = Debug|Any CPU
		{C03A6CC3-4D6F-4F13-AA5A-6031BD466323}.Debug|x86.Build.0 = Debug|Any CPU
		{C03A6CC3-4D6F-4F13-AA5A-6031BD466323}.ExportDebug|Any CPU.ActiveCfg = Debug|Any CPU
		{C03A6CC3-4D6F-4F13-AA5A-6031BD466323}.ExportDebug|Any CPU.Build.0 = Debug|Any CPU
		{C03A6CC3-4D6F-4F13-AA5A-6031BD466323}.ExportDebug|x64.ActiveCfg = Debug|Any CPU
		{C03A6CC3-4D6F-4F13-AA5A-6031BD466323}.ExportDebug|x64.Build.0 = Debug|Any CPU
		{C03A6CC3-4D6F-4F13-AA5A-6031BD466323}.ExportDebug|x86.ActiveCfg = Debug|Any CPU
		{C03A6CC3-4D6F-4F13-AA5A-6031BD466323}.ExportDebug|x86.Build.0 = Debug|Any CPU
		{C03A6CC3-4D6F-4F13-AA5A-6031BD466323}.ExportRelease|Any CPU.ActiveCfg = Debug|Any CPU
		{C03A6CC3-4D6F-4F13-AA5A-6031BD466323}.ExportRelease|Any CPU.Build.0 = Debug|Any CPU
		{C03A6CC3-4D6F-4F13-AA5A-6031BD466323}.ExportRelease|x64.ActiveCfg = Debug|Any CPU
		{C03A6CC3-4D6F-4F13-AA5A-6031BD466323}.ExportRelease|x64.Build.0 = Debug|Any CPU
		{C03A6CC3-4D6F-4F13-AA5A-6031BD466323}.ExportRelease|x86.ActiveCfg = Debug|Any CPU
		{C03A6CC3-4D6F-4F13-AA5A-6031BD466323}.ExportRelease|x86.Build.0 = Debug|Any CPU
		{C03A6CC3-4D6F-4F13-AA5A-6031BD466323}.Release|Any CPU.ActiveCfg = Release|Any CPU
		{C03A6CC3-4D6F-4F13-AA5A-6031BD466323}.Release|Any CPU.Build.0 = Release|Any CPU
		{C03A6CC3-4D6F-4F13-AA5A-6031BD466323}.Release|x64.ActiveCfg = Release|Any CPU
		{C03A6CC3-4D6F-4F13-AA5A-6031BD466323}.Release|x64.Build.0 = Release|Any CPU
		{C03A6CC3-4D6F-4F13-AA5A-6031BD466323}.Release|x86.ActiveCfg = Release|Any CPU
		{C03A6CC3-4D6F-4F13-AA5A-6031BD466323}.Release|x86.Build.0 = Release|Any CPU
		{8ABC634D-A0C5-455E-AF2E-00ECEC1D7E92}.Debug|Any CPU.ActiveCfg = Debug|Any CPU
		{8ABC634D-A0C5-455E-AF2E-00ECEC1D7E92}.Debug|Any CPU.Build.0 = Debug|Any CPU
		{8ABC634D-A0C5-455E-AF2E-00ECEC1D7E92}.Debug|x64.ActiveCfg = Debug|Any CPU
		{8ABC634D-A0C5-455E-AF2E-00ECEC1D7E92}.Debug|x64.Build.0 = Debug|Any CPU
		{8ABC634D-A0C5-455E-AF2E-00ECEC1D7E92}.Debug|x86.ActiveCfg = Debug|Any CPU
		{8ABC634D-A0C5-455E-AF2E-00ECEC1D7E92}.Debug|x86.Build.0 = Debug|Any CPU
		{8ABC634D-A0C5-455E-AF2E-00ECEC1D7E92}.ExportDebug|Any CPU.ActiveCfg = Debug|Any CPU
		{8ABC634D-A0C5-455E-AF2E-00ECEC1D7E92}.ExportDebug|Any CPU.Build.0 = Debug|Any CPU
		{8ABC634D-A0C5-455E-AF2E-00ECEC1D7E92}.ExportDebug|x64.ActiveCfg = Debug|Any CPU
		{8ABC634D-A0C5-455E-AF2E-00ECEC1D7E92}.ExportDebug|x64.Build.0 = Debug|Any CPU
		{8ABC634D-A0C5-455E-AF2E-00ECEC1D7E92}.ExportDebug|x86.ActiveCfg = Debug|Any CPU
		{8ABC634D-A0C5-455E-AF2E-00ECEC1D7E92}.ExportDebug|x86.Build.0 = Debug|Any CPU
		{8ABC634D-A0C5-455E-AF2E-00ECEC1D7E92}.ExportRelease|Any CPU.ActiveCfg = Debug|Any CPU
		{8ABC634D-A0C5-455E-AF2E-00ECEC1D7E92}.ExportRelease|Any CPU.Build.0 = Debug|Any CPU
		{8ABC634D-A0C5-455E-AF2E-00ECEC1D7E92}.ExportRelease|x64.ActiveCfg = Debug|Any CPU
		{8ABC634D-A0C5-455E-AF2E-00ECEC1D7E92}.ExportRelease|x64.Build.0 = Debug|Any CPU
		{8ABC634D-A0C5-455E-AF2E-00ECEC1D7E92}.ExportRelease|x86.ActiveCfg = Debug|Any CPU
		{8ABC634D-A0C5-455E-AF2E-00ECEC1D7E92}.ExportRelease|x86.Build.0 = Debug|Any CPU
		{8ABC634D-A0C5-455E-AF2E-00ECEC1D7E92}.Release|Any CPU.ActiveCfg = Release|Any CPU
		{8ABC634D-A0C5-455E-AF2E-00ECEC1D7E92}.Release|Any CPU.Build.0 = Release|Any CPU
		{8ABC634D-A0C5-455E-AF2E-00ECEC1D7E92}.Release|x64.ActiveCfg = Release|Any CPU
		{8ABC634D-A0C5-455E-AF2E-00ECEC1D7E92}.Release|x64.Build.0 = Release|Any CPU
		{8ABC634D-A0C5-455E-AF2E-00ECEC1D7E92}.Release|x86.ActiveCfg = Release|Any CPU
		{8ABC634D-A0C5-455E-AF2E-00ECEC1D7E92}.Release|x86.Build.0 = Release|Any CPU
		{1504F58A-6FF3-4D6C-BE3F-A163FE82E1A2}.Debug|Any CPU.ActiveCfg = Debug|Any CPU
		{1504F58A-6FF3-4D6C-BE3F-A163FE82E1A2}.Debug|Any CPU.Build.0 = Debug|Any CPU
		{1504F58A-6FF3-4D6C-BE3F-A163FE82E1A2}.Debug|x64.ActiveCfg = Debug|Any CPU
		{1504F58A-6FF3-4D6C-BE3F-A163FE82E1A2}.Debug|x64.Build.0 = Debug|Any CPU
		{1504F58A-6FF3-4D6C-BE3F-A163FE82E1A2}.Debug|x86.ActiveCfg = Debug|Any CPU
		{1504F58A-6FF3-4D6C-BE3F-A163FE82E1A2}.Debug|x86.Build.0 = Debug|Any CPU
		{1504F58A-6FF3-4D6C-BE3F-A163FE82E1A2}.ExportDebug|Any CPU.ActiveCfg = Debug|Any CPU
		{1504F58A-6FF3-4D6C-BE3F-A163FE82E1A2}.ExportDebug|Any CPU.Build.0 = Debug|Any CPU
		{1504F58A-6FF3-4D6C-BE3F-A163FE82E1A2}.ExportDebug|x64.ActiveCfg = Debug|Any CPU
		{1504F58A-6FF3-4D6C-BE3F-A163FE82E1A2}.ExportDebug|x64.Build.0 = Debug|Any CPU
		{1504F58A-6FF3-4D6C-BE3F-A163FE82E1A2}.ExportDebug|x86.ActiveCfg = Debug|Any CPU
		{1504F58A-6FF3-4D6C-BE3F-A163FE82E1A2}.ExportDebug|x86.Build.0 = Debug|Any CPU
		{1504F58A-6FF3-4D6C-BE3F-A163FE82E1A2}.ExportRelease|Any CPU.ActiveCfg = Debug|Any CPU
		{1504F58A-6FF3-4D6C-BE3F-A163FE82E1A2}.ExportRelease|Any CPU.Build.0 = Debug|Any CPU
		{1504F58A-6FF3-4D6C-BE3F-A163FE82E1A2}.ExportRelease|x64.ActiveCfg = Debug|Any CPU
		{1504F58A-6FF3-4D6C-BE3F-A163FE82E1A2}.ExportRelease|x64.Build.0 = Debug|Any CPU
		{1504F58A-6FF3-4D6C-BE3F-A163FE82E1A2}.ExportRelease|x86.ActiveCfg = Debug|Any CPU
		{1504F58A-6FF3-4D6C-BE3F-A163FE82E1A2}.ExportRelease|x86.Build.0 = Debug|Any CPU
		{1504F58A-6FF3-4D6C-BE3F-A163FE82E1A2}.Release|Any CPU.ActiveCfg = Release|Any CPU
		{1504F58A-6FF3-4D6C-BE3F-A163FE82E1A2}.Release|Any CPU.Build.0 = Release|Any CPU
		{1504F58A-6FF3-4D6C-BE3F-A163FE82E1A2}.Release|x64.ActiveCfg = Release|Any CPU
		{1504F58A-6FF3-4D6C-BE3F-A163FE82E1A2}.Release|x64.Build.0 = Release|Any CPU
		{1504F58A-6FF3-4D6C-BE3F-A163FE82E1A2}.Release|x86.ActiveCfg = Release|Any CPU
		{1504F58A-6FF3-4D6C-BE3F-A163FE82E1A2}.Release|x86.Build.0 = Release|Any CPU
		{4B834E37-3515-46F1-AEE3-3740D7B32B51}.Debug|Any CPU.ActiveCfg = Debug|Any CPU
		{4B834E37-3515-46F1-AEE3-3740D7B32B51}.Debug|Any CPU.Build.0 = Debug|Any CPU
		{4B834E37-3515-46F1-AEE3-3740D7B32B51}.Debug|x64.ActiveCfg = Debug|Any CPU
		{4B834E37-3515-46F1-AEE3-3740D7B32B51}.Debug|x64.Build.0 = Debug|Any CPU
		{4B834E37-3515-46F1-AEE3-3740D7B32B51}.Debug|x86.ActiveCfg = Debug|Any CPU
		{4B834E37-3515-46F1-AEE3-3740D7B32B51}.Debug|x86.Build.0 = Debug|Any CPU
		{4B834E37-3515-46F1-AEE3-3740D7B32B51}.ExportDebug|Any CPU.ActiveCfg = Debug|Any CPU
		{4B834E37-3515-46F1-AEE3-3740D7B32B51}.ExportDebug|Any CPU.Build.0 = Debug|Any CPU
		{4B834E37-3515-46F1-AEE3-3740D7B32B51}.ExportDebug|x64.ActiveCfg = Debug|Any CPU
		{4B834E37-3515-46F1-AEE3-3740D7B32B51}.ExportDebug|x64.Build.0 = Debug|Any CPU
		{4B834E37-3515-46F1-AEE3-3740D7B32B51}.ExportDebug|x86.ActiveCfg = Debug|Any CPU
		{4B834E37-3515-46F1-AEE3-3740D7B32B51}.ExportDebug|x86.Build.0 = Debug|Any CPU
		{4B834E37-3515-46F1-AEE3-3740D7B32B51}.ExportRelease|Any CPU.ActiveCfg = Debug|Any CPU
		{4B834E37-3515-46F1-AEE3-3740D7B32B51}.ExportRelease|Any CPU.Build.0 = Debug|Any CPU
		{4B834E37-3515-46F1-AEE3-3740D7B32B51}.ExportRelease|x64.ActiveCfg = Debug|Any CPU
		{4B834E37-3515-46F1-AEE3-3740D7B32B51}.ExportRelease|x64.Build.0 = Debug|Any CPU
		{4B834E37-3515-46F1-AEE3-3740D7B32B51}.ExportRelease|x86.ActiveCfg = Debug|Any CPU
		{4B834E37-3515-46F1-AEE3-3740D7B32B51}.ExportRelease|x86.Build.0 = Debug|Any CPU
		{4B834E37-3515-46F1-AEE3-3740D7B32B51}.Release|Any CPU.ActiveCfg = Release|Any CPU
		{4B834E37-3515-46F1-AEE3-3740D7B32B51}.Release|Any CPU.Build.0 = Release|Any CPU
		{4B834E37-3515-46F1-AEE3-3740D7B32B51}.Release|x64.ActiveCfg = Release|Any CPU
		{4B834E37-3515-46F1-AEE3-3740D7B32B51}.Release|x64.Build.0 = Release|Any CPU
		{4B834E37-3515-46F1-AEE3-3740D7B32B51}.Release|x86.ActiveCfg = Release|Any CPU
		{4B834E37-3515-46F1-AEE3-3740D7B32B51}.Release|x86.Build.0 = Release|Any CPU
		{DAE24767-AA15-47FF-8D0B-20DDF749B3E1}.Debug|Any CPU.ActiveCfg = Debug|Any CPU
		{DAE24767-AA15-47FF-8D0B-20DDF749B3E1}.Debug|Any CPU.Build.0 = Debug|Any CPU
		{DAE24767-AA15-47FF-8D0B-20DDF749B3E1}.Debug|x64.ActiveCfg = Debug|Any CPU
		{DAE24767-AA15-47FF-8D0B-20DDF749B3E1}.Debug|x64.Build.0 = Debug|Any CPU
		{DAE24767-AA15-47FF-8D0B-20DDF749B3E1}.Debug|x86.ActiveCfg = Debug|Any CPU
		{DAE24767-AA15-47FF-8D0B-20DDF749B3E1}.Debug|x86.Build.0 = Debug|Any CPU
		{DAE24767-AA15-47FF-8D0B-20DDF749B3E1}.ExportDebug|Any CPU.ActiveCfg = Debug|Any CPU
		{DAE24767-AA15-47FF-8D0B-20DDF749B3E1}.ExportDebug|Any CPU.Build.0 = Debug|Any CPU
		{DAE24767-AA15-47FF-8D0B-20DDF749B3E1}.ExportDebug|x64.ActiveCfg = Debug|Any CPU
		{DAE24767-AA15-47FF-8D0B-20DDF749B3E1}.ExportDebug|x64.Build.0 = Debug|Any CPU
		{DAE24767-AA15-47FF-8D0B-20DDF749B3E1}.ExportDebug|x86.ActiveCfg = Debug|Any CPU
		{DAE24767-AA15-47FF-8D0B-20DDF749B3E1}.ExportDebug|x86.Build.0 = Debug|Any CPU
		{DAE24767-AA15-47FF-8D0B-20DDF749B3E1}.ExportRelease|Any CPU.ActiveCfg = Debug|Any CPU
		{DAE24767-AA15-47FF-8D0B-20DDF749B3E1}.ExportRelease|Any CPU.Build.0 = Debug|Any CPU
		{DAE24767-AA15-47FF-8D0B-20DDF749B3E1}.ExportRelease|x64.ActiveCfg = Debug|Any CPU
		{DAE24767-AA15-47FF-8D0B-20DDF749B3E1}.ExportRelease|x64.Build.0 = Debug|Any CPU
		{DAE24767-AA15-47FF-8D0B-20DDF749B3E1}.ExportRelease|x86.ActiveCfg = Debug|Any CPU
		{DAE24767-AA15-47FF-8D0B-20DDF749B3E1}.ExportRelease|x86.Build.0 = Debug|Any CPU
		{DAE24767-AA15-47FF-8D0B-20DDF749B3E1}.Release|Any CPU.ActiveCfg = Release|Any CPU
		{DAE24767-AA15-47FF-8D0B-20DDF749B3E1}.Release|Any CPU.Build.0 = Release|Any CPU
		{DAE24767-AA15-47FF-8D0B-20DDF749B3E1}.Release|x64.ActiveCfg = Release|Any CPU
		{DAE24767-AA15-47FF-8D0B-20DDF749B3E1}.Release|x64.Build.0 = Release|Any CPU
		{DAE24767-AA15-47FF-8D0B-20DDF749B3E1}.Release|x86.ActiveCfg = Release|Any CPU
		{DAE24767-AA15-47FF-8D0B-20DDF749B3E1}.Release|x86.Build.0 = Release|Any CPU
		{98A8F657-DF9A-4902-997A-88FA38427318}.Debug|Any CPU.ActiveCfg = Debug|Any CPU
		{98A8F657-DF9A-4902-997A-88FA38427318}.Debug|Any CPU.Build.0 = Debug|Any CPU
		{98A8F657-DF9A-4902-997A-88FA38427318}.Debug|x64.ActiveCfg = Debug|Any CPU
		{98A8F657-DF9A-4902-997A-88FA38427318}.Debug|x64.Build.0 = Debug|Any CPU
		{98A8F657-DF9A-4902-997A-88FA38427318}.Debug|x86.ActiveCfg = Debug|Any CPU
		{98A8F657-DF9A-4902-997A-88FA38427318}.Debug|x86.Build.0 = Debug|Any CPU
		{98A8F657-DF9A-4902-997A-88FA38427318}.ExportDebug|Any CPU.ActiveCfg = Debug|Any CPU
		{98A8F657-DF9A-4902-997A-88FA38427318}.ExportDebug|Any CPU.Build.0 = Debug|Any CPU
		{98A8F657-DF9A-4902-997A-88FA38427318}.ExportDebug|x64.ActiveCfg = Debug|Any CPU
		{98A8F657-DF9A-4902-997A-88FA38427318}.ExportDebug|x64.Build.0 = Debug|Any CPU
		{98A8F657-DF9A-4902-997A-88FA38427318}.ExportDebug|x86.ActiveCfg = Debug|Any CPU
		{98A8F657-DF9A-4902-997A-88FA38427318}.ExportDebug|x86.Build.0 = Debug|Any CPU
		{98A8F657-DF9A-4902-997A-88FA38427318}.ExportRelease|Any CPU.ActiveCfg = Debug|Any CPU
		{98A8F657-DF9A-4902-997A-88FA38427318}.ExportRelease|Any CPU.Build.0 = Debug|Any CPU
		{98A8F657-DF9A-4902-997A-88FA38427318}.ExportRelease|x64.ActiveCfg = Debug|Any CPU
		{98A8F657-DF9A-4902-997A-88FA38427318}.ExportRelease|x64.Build.0 = Debug|Any CPU
		{98A8F657-DF9A-4902-997A-88FA38427318}.ExportRelease|x86.ActiveCfg = Debug|Any CPU
		{98A8F657-DF9A-4902-997A-88FA38427318}.ExportRelease|x86.Build.0 = Debug|Any CPU
		{98A8F657-DF9A-4902-997A-88FA38427318}.Release|Any CPU.ActiveCfg = Release|Any CPU
		{98A8F657-DF9A-4902-997A-88FA38427318}.Release|Any CPU.Build.0 = Release|Any CPU
		{98A8F657-DF9A-4902-997A-88FA38427318}.Release|x64.ActiveCfg = Release|Any CPU
		{98A8F657-DF9A-4902-997A-88FA38427318}.Release|x64.Build.0 = Release|Any CPU
		{98A8F657-DF9A-4902-997A-88FA38427318}.Release|x86.ActiveCfg = Release|Any CPU
		{98A8F657-DF9A-4902-997A-88FA38427318}.Release|x86.Build.0 = Release|Any CPU
	EndGlobalSection
	GlobalSection(SolutionProperties) = preSolution
		HideSolutionNode = FALSE
	EndGlobalSection
	GlobalSection(NestedProjects) = preSolution
		{FDD31F28-6311-4701-8B47-6776C8A9ED33} = {CA253913-39DE-BFD0-C9A3-4B7EC6FBDF17}
		{B90A392E-EC3E-401A-A3F8-D0E2D19BB6B7} = {CA253913-39DE-BFD0-C9A3-4B7EC6FBDF17}
		{A01F4AA1-2B4D-4DF1-8A38-4E1F9B244101} = {CA253913-39DE-BFD0-C9A3-4B7EC6FBDF17}
		{B02F5BB2-3C5E-4E02-9B49-5F20AC355212} = {CA253913-39DE-BFD0-C9A3-4B7EC6FBDF17}
		{C03A6CC3-4D6F-4F13-AA5A-6031BD466323} = {CA253913-39DE-BFD0-C9A3-4B7EC6FBDF17}
		{8ABC634D-A0C5-455E-AF2E-00ECEC1D7E92} = {CA253913-39DE-BFD0-C9A3-4B7EC6FBDF17}
		{1504F58A-6FF3-4D6C-BE3F-A163FE82E1A2} = {CA253913-39DE-BFD0-C9A3-4B7EC6FBDF17}
		{4B834E37-3515-46F1-AEE3-3740D7B32B51} = {CA253913-39DE-BFD0-C9A3-4B7EC6FBDF17}
		{DAE24767-AA15-47FF-8D0B-20DDF749B3E1} = {CA253913-39DE-BFD0-C9A3-4B7EC6FBDF17}
		{98A8F657-DF9A-4902-997A-88FA38427318} = {CA253913-39DE-BFD0-C9A3-4B7EC6FBDF17}
	EndGlobalSection
EndGlobal
